
Microsoft Visual Studio Solution File, Format Version 12.00
# Visual Studio Version 17
VisualStudioVersion = 17.0.31903.59
MinimumVisualStudioVersion = 10.0.40219.1
Project("{2150E333-8FDC-42A3-9474-1A3956D46DE8}") = "src", "src", "{362E065E-F3A3-4F60-A2CE-90E4F575001D}"
EndProject
Project("{9A19103F-16F7-4668-BE54-9A1E7A4F7556}") = "CountryApi", "src\CountryApi\CountryApi.csproj", "{C8A2763D-C7D4-4600-A943-888BC47BEE50}"
EndProject
Project("{9A19103F-16F7-4668-BE54-9A1E7A4F7556}") = "BranchApi", "src\BranchApi\BranchApi.csproj", "{E0DDF7A1-6C8B-460C-A4FC-E06B993F73A8}"
EndProject
Project("{9A19103F-16F7-4668-BE54-9A1E7A4F7556}") = "ProductApi", "src\ProductApi\ProductApi.csproj", "{72982F8B-6BA5-4458-BDC8-027C966A4467}"
EndProject
Project("{9A19103F-16F7-4668-BE54-9A1E7A4F7556}") = "AccountTypeApi", "src\AccountTypeApi\AccountTypeApi.csproj", "{B46AFD1C-4C20-490C-9B15-C689DD5D295C}"
EndProject
Project("{9A19103F-16F7-4668-BE54-9A1E7A4F7556}") = "TransactionTypeApi", "src\TransactionTypeApi\TransactionTypeApi.csproj", "{B93AA9AA-1C70-4FE7-830B-E953028C5200}"
EndProject
Project("{9A19103F-16F7-4668-BE54-9A1E7A4F7556}") = "FeeApi", "src\FeeApi\FeeApi.csproj", "{B28260B8-A601-4D38-8493-54D9447FFBA5}"
EndProject
Project("{9A19103F-16F7-4668-BE54-9A1E7A4F7556}") = "CustomerCategoryApi", "src\CustomerCategoryApi\CustomerCategoryApi.csproj", "{9B13203D-B02F-4424-A85C-279861D1C0C7}"
EndProject
Project("{9A19103F-16F7-4668-BE54-9A1E7A4F7556}") = "InterestRateApi", "src\InterestRateApi\InterestRateApi.csproj", "{FDEA0CAA-6890-45C9-AA9F-FA14198E171F}"
EndProject
Project("{9A19103F-16F7-4668-BE54-9A1E7A4F7556}") = "ExchangeRateApi", "src\ExchangeRateApi\ExchangeRateApi.csproj", "{BEF4D59E-68F2-4946-8E53-8103CBBFD396}"
EndProject
Project("{9A19103F-16F7-4668-BE54-9A1E7A4F7556}") = "HolidayApi", "src\HolidayApi\HolidayApi.csproj", "{92821893-83F4-4E27-B452-3B46BF3EB94D}"
EndProject
Project("{E53339B2-1760-4266-BCC7-CA923CBCF16C}") = "docker-compose", "docker-compose.dcproj", "{933D4151-FD2D-43C3-A566-11620E68C75F}"
EndProject
Project("{9A19103F-16F7-4668-BE54-9A1E7A4F7556}") = "YarpGateway", "src\YarpGateway\YarpGateway.csproj", "{2ED414FA-4727-42D9-8514-E7839336E35E}"
EndProject
Global
	GlobalSection(SolutionConfigurationPlatforms) = preSolution
		Debug|Any CPU = Debug|Any CPU
		Release|Any CPU = Release|Any CPU
	EndGlobalSection
	GlobalSection(ProjectConfigurationPlatforms) = postSolution
		{C8A2763D-C7D4-4600-A943-888BC47BEE50}.Debug|Any CPU.ActiveCfg = Debug|Any CPU
		{C8A2763D-C7D4-4600-A943-888BC47BEE50}.Debug|Any CPU.Build.0 = Debug|Any CPU
		{C8A2763D-C7D4-4600-A943-888BC47BEE50}.Release|Any CPU.ActiveCfg = Release|Any CPU
		{C8A2763D-C7D4-4600-A943-888BC47BEE50}.Release|Any CPU.Build.0 = Release|Any CPU
		{E0DDF7A1-6C8B-460C-A4FC-E06B993F73A8}.Debug|Any CPU.ActiveCfg = Debug|Any CPU
		{E0DDF7A1-6C8B-460C-A4FC-E06B993F73A8}.Debug|Any CPU.Build.0 = Debug|Any CPU
		{E0DDF7A1-6C8B-460C-A4FC-E06B993F73A8}.Release|Any CPU.ActiveCfg = Release|Any CPU
		{E0DDF7A1-6C8B-460C-A4FC-E06B993F73A8}.Release|Any CPU.Build.0 = Release|Any CPU
		{72982F8B-6BA5-4458-BDC8-027C966A4467}.Debug|Any CPU.ActiveCfg = Debug|Any CPU
		{72982F8B-6BA5-4458-BDC8-027C966A4467}.Debug|Any CPU.Build.0 = Debug|Any CPU
		{72982F8B-6BA5-4458-BDC8-027C966A4467}.Release|Any CPU.ActiveCfg = Release|Any CPU
		{72982F8B-6BA5-4458-BDC8-027C966A4467}.Release|Any CPU.Build.0 = Release|Any CPU
		{B46AFD1C-4C20-490C-9B15-C689DD5D295C}.Debug|Any CPU.ActiveCfg = Debug|Any CPU
		{B46AFD1C-4C20-490C-9B15-C689DD5D295C}.Debug|Any CPU.Build.0 = Debug|Any CPU
		{B46AFD1C-4C20-490C-9B15-C689DD5D295C}.Release|Any CPU.ActiveCfg = Release|Any CPU
		{B46AFD1C-4C20-490C-9B15-C689DD5D295C}.Release|Any CPU.Build.0 = Release|Any CPU
		{B93AA9AA-1C70-4FE7-830B-E953028C5200}.Debug|Any CPU.ActiveCfg = Debug|Any CPU
		{B93AA9AA-1C70-4FE7-830B-E953028C5200}.Debug|Any CPU.Build.0 = Debug|Any CPU
		{B93AA9AA-1C70-4FE7-830B-E953028C5200}.Release|Any CPU.ActiveCfg = Release|Any CPU
		{B93AA9AA-1C70-4FE7-830B-E953028C5200}.Release|Any CPU.Build.0 = Release|Any CPU
		{B28260B8-A601-4D38-8493-54D9447FFBA5}.Debug|Any CPU.ActiveCfg = Debug|Any CPU
		{B28260B8-A601-4D38-8493-54D9447FFBA5}.Debug|Any CPU.Build.0 = Debug|Any CPU
		{B28260B8-A601-4D38-8493-54D9447FFBA5}.Release|Any CPU.ActiveCfg = Release|Any CPU
		{B28260B8-A601-4D38-8493-54D9447FFBA5}.Release|Any CPU.Build.0 = Release|Any CPU
		{9B13203D-B02F-4424-A85C-279861D1C0C7}.Debug|Any CPU.ActiveCfg = Debug|Any CPU
		{9B13203D-B02F-4424-A85C-279861D1C0C7}.Debug|Any CPU.Build.0 = Debug|Any CPU
		{9B13203D-B02F-4424-A85C-279861D1C0C7}.Release|Any CPU.ActiveCfg = Release|Any CPU
		{9B13203D-B02F-4424-A85C-279861D1C0C7}.Release|Any CPU.Build.0 = Release|Any CPU
		{FDEA0CAA-6890-45C9-AA9F-FA14198E171F}.Debug|Any CPU.ActiveCfg = Debug|Any CPU
		{FDEA0CAA-6890-45C9-AA9F-FA14198E171F}.Debug|Any CPU.Build.0 = Debug|Any CPU
		{FDEA0CAA-6890-45C9-AA9F-FA14198E171F}.Release|Any CPU.ActiveCfg = Release|Any CPU
		{FDEA0CAA-6890-45C9-AA9F-FA14198E171F}.Release|Any CPU.Build.0 = Release|Any CPU
		{BEF4D59E-68F2-4946-8E53-8103CBBFD396}.Debug|Any CPU.ActiveCfg = Debug|Any CPU
		{BEF4D59E-68F2-4946-8E53-8103CBBFD396}.Debug|Any CPU.Build.0 = Debug|Any CPU
		{BEF4D59E-68F2-4946-8E53-8103CBBFD396}.Release|Any CPU.ActiveCfg = Release|Any CPU
		{BEF4D59E-68F2-4946-8E53-8103CBBFD396}.Release|Any CPU.Build.0 = Release|Any CPU
		{92821893-83F4-4E27-B452-3B46BF3EB94D}.Debug|Any CPU.ActiveCfg = Debug|Any CPU
		{92821893-83F4-4E27-B452-3B46BF3EB94D}.Debug|Any CPU.Build.0 = Debug|Any CPU
		{92821893-83F4-4E27-B452-3B46BF3EB94D}.Release|Any CPU.ActiveCfg = Release|Any CPU
		{92821893-83F4-4E27-B452-3B46BF3EB94D}.Release|Any CPU.Build.0 = Release|Any CPU
		{933D4151-FD2D-43C3-A566-11620E68C75F}.Debug|Any CPU.ActiveCfg = Debug|Any CPU
		{933D4151-FD2D-43C3-A566-11620E68C75F}.Debug|Any CPU.Build.0 = Debug|Any CPU
		{933D4151-FD2D-43C3-A566-11620E68C75F}.Release|Any CPU.ActiveCfg = Release|Any CPU
		{933D4151-FD2D-43C3-A566-11620E68C75F}.Release|Any CPU.Build.0 = Release|Any CPU
		{2ED414FA-4727-42D9-8514-E7839336E35E}.Debug|Any CPU.ActiveCfg = Debug|Any CPU
		{2ED414FA-4727-42D9-8514-E7839336E35E}.Debug|Any CPU.Build.0 = Debug|Any CPU
		{2ED414FA-4727-42D9-8514-E7839336E35E}.Release|Any CPU.ActiveCfg = Release|Any CPU
		{2ED414FA-4727-42D9-8514-E7839336E35E}.Release|Any CPU.Build.0 = Release|Any CPU
	EndGlobalSection
	GlobalSection(SolutionProperties) = preSolution
		HideSolutionNode = FALSE
	EndGlobalSection
	GlobalSection(NestedProjects) = preSolution
		{C8A2763D-C7D4-4600-A943-888BC47BEE50} = {362E065E-F3A3-4F60-A2CE-90E4F575001D}
		{E0DDF7A1-6C8B-460C-A4FC-E06B993F73A8} = {362E065E-F3A3-4F60-A2CE-90E4F575001D}
		{72982F8B-6BA5-4458-BDC8-027C966A4467} = {362E065E-F3A3-4F60-A2CE-90E4F575001D}
		{B46AFD1C-4C20-490C-9B15-C689DD5D295C} = {362E065E-F3A3-4F60-A2CE-90E4F575001D}
		{B93AA9AA-1C70-4FE7-830B-E953028C5200} = {362E065E-F3A3-4F60-A2CE-90E4F575001D}
		{B28260B8-A601-4D38-8493-54D9447FFBA5} = {362E065E-F3A3-4F60-A2CE-90E4F575001D}
		{9B13203D-B02F-4424-A85C-279861D1C0C7} = {362E065E-F3A3-4F60-A2CE-90E4F575001D}
		{FDEA0CAA-6890-45C9-AA9F-FA14198E171F} = {362E065E-F3A3-4F60-A2CE-90E4F575001D}
		{BEF4D59E-68F2-4946-8E53-8103CBBFD396} = {362E065E-F3A3-4F60-A2CE-90E4F575001D}
		{92821893-83F4-4E27-B452-3B46BF3EB94D} = {362E065E-F3A3-4F60-A2CE-90E4F575001D}
		{2ED414FA-4727-42D9-8514-E7839336E35E} = {362E065E-F3A3-4F60-A2CE-90E4F575001D}
	EndGlobalSection
	GlobalSection(ExtensibilityGlobals) = postSolution
		SolutionGuid = {EC231605-479E-45D8-870E-86EB3C40AA89}
	EndGlobalSection
EndGlobal
